// !$*UTF8*$!
{
	archiveVersion = 1;
	classes = {
	};
	objectVersion = 46;
	objects = {

/* Begin PBXBuildFile section */
		6615932B1E6910C400C8D9CC /* main.m in Sources */ = {isa = PBXBuildFile; fileRef = 6615932A1E6910C400C8D9CC /* main.m */; };
		6615932E1E6910C400C8D9CC /* AppDelegate.m in Sources */ = {isa = PBXBuildFile; fileRef = 6615932D1E6910C400C8D9CC /* AppDelegate.m */; };
		661593311E6910C400C8D9CC /* ViewController.m in Sources */ = {isa = PBXBuildFile; fileRef = 661593301E6910C400C8D9CC /* ViewController.m */; };
		661593341E6910C400C8D9CC /* Main.storyboard in Resources */ = {isa = PBXBuildFile; fileRef = 661593321E6910C400C8D9CC /* Main.storyboard */; };
		661593361E6910C400C8D9CC /* Assets.xcassets in Resources */ = {isa = PBXBuildFile; fileRef = 661593351E6910C400C8D9CC /* Assets.xcassets */; };
		661593391E6910C400C8D9CC /* LaunchScreen.storyboard in Resources */ = {isa = PBXBuildFile; fileRef = 661593371E6910C400C8D9CC /* LaunchScreen.storyboard */; };
		661593421E691A3300C8D9CC /* MYCusIndexTableView.m in Sources */ = {isa = PBXBuildFile; fileRef = 661593411E691A3300C8D9CC /* MYCusIndexTableView.m */; };
		661593451E6921E100C8D9CC /* MYCusIndexView.m in Sources */ = {isa = PBXBuildFile; fileRef = 661593441E6921E100C8D9CC /* MYCusIndexView.m */; };
/* End PBXBuildFile section */

/* Begin PBXFileReference section */
		661593261E6910C400C8D9CC /* MYCusIndex.app */ = {isa = PBXFileReference; explicitFileType = wrapper.application; includeInIndex = 0; path = MYCusIndex.app; sourceTree = BUILT_PRODUCTS_DIR; };
		6615932A1E6910C400C8D9CC /* main.m */ = {isa = PBXFileReference; lastKnownFileType = sourcecode.c.objc; path = main.m; sourceTree = "<group>"; };
		6615932C1E6910C400C8D9CC /* AppDelegate.h */ = {isa = PBXFileReference; lastKnownFileType = sourcecode.c.h; path = AppDelegate.h; sourceTree = "<group>"; };
		6615932D1E6910C400C8D9CC /* AppDelegate.m */ = {isa = PBXFileReference; lastKnownFileType = sourcecode.c.objc; path = AppDelegate.m; sourceTree = "<group>"; };
		6615932F1E6910C400C8D9CC /* ViewController.h */ = {isa = PBXFileReference; lastKnownFileType = sourcecode.c.h; path = ViewController.h; sourceTree = "<group>"; };
		661593301E6910C400C8D9CC /* ViewController.m */ = {isa = PBXFileReference; lastKnownFileType = sourcecode.c.objc; path = ViewController.m; sourceTree = "<group>"; };
		661593331E6910C400C8D9CC /* Base */ = {isa = PBXFileReference; lastKnownFileType = file.storyboard; name = Base; path = Base.lproj/Main.storyboard; sourceTree = "<group>"; };
		661593351E6910C400C8D9CC /* Assets.xcassets */ = {isa = PBXFileReference; lastKnownFileType = folder.assetcatalog; path = Assets.xcassets; sourceTree = "<group>"; };
		661593381E6910C400C8D9CC /* Base */ = {isa = PBXFileReference; lastKnownFileType = file.storyboard; name = Base; path = Base.lproj/LaunchScreen.storyboard; sourceTree = "<group>"; };
		6615933A1E6910C400C8D9CC /* Info.plist */ = {isa = PBXFileReference; lastKnownFileType = text.plist.xml; path = Info.plist; sourceTree = "<group>"; };
		661593401E691A3300C8D9CC /* MYCusIndexTableView.h */ = {isa = PBXFileReference; fileEncoding = 4; lastKnownFileType = sourcecode.c.h; path = MYCusIndexTableView.h; sourceTree = "<group>"; };
		661593411E691A3300C8D9CC /* MYCusIndexTableView.m */ = {isa = PBXFileReference; fileEncoding = 4; lastKnownFileType = sourcecode.c.objc; path = MYCusIndexTableView.m; sourceTree = "<group>"; };
		661593431E6921E100C8D9CC /* MYCusIndexView.h */ = {isa = PBXFileReference; fileEncoding = 4; lastKnownFileType = sourcecode.c.h; path = MYCusIndexView.h; sourceTree = "<group>"; };
		661593441E6921E100C8D9CC /* MYCusIndexView.m */ = {isa = PBXFileReference; fileEncoding = 4; lastKnownFileType = sourcecode.c.objc; path = MYCusIndexView.m; sourceTree = "<group>"; };
/* End PBXFileReference section */

/* Begin PBXFrameworksBuildPhase section */
		661593231E6910C400C8D9CC /* Frameworks */ = {
			isa = PBXFrameworksBuildPhase;
			buildActionMask = 2147483647;
			files = (
			);
			runOnlyForDeploymentPostprocessing = 0;
		};
/* End PBXFrameworksBuildPhase section */

/* Begin PBXGroup section */
		6615931D1E6910C400C8D9CC = {
			isa = PBXGroup;
			children = (
				661593281E6910C400C8D9CC /* MYCusIndex */,
				661593271E6910C400C8D9CC /* Products */,
			);
			sourceTree = "<group>";
		};
		661593271E6910C400C8D9CC /* Products */ = {
			isa = PBXGroup;
			children = (
				661593261E6910C400C8D9CC /* MYCusIndex.app */,
			);
			name = Products;
			sourceTree = "<group>";
		};
		661593281E6910C400C8D9CC /* MYCusIndex */ = {
			isa = PBXGroup;
			children = (
				6615932C1E6910C400C8D9CC /* AppDelegate.h */,
				6615932D1E6910C400C8D9CC /* AppDelegate.m */,
				6615932F1E6910C400C8D9CC /* ViewController.h */,
				661593301E6910C400C8D9CC /* ViewController.m */,
				661593401E691A3300C8D9CC /* MYCusIndexTableView.h */,
				661593411E691A3300C8D9CC /* MYCusIndexTableView.m */,
				661593431E6921E100C8D9CC /* MYCusIndexView.h */,
				661593441E6921E100C8D9CC /* MYCusIndexView.m */,
				661593321E6910C400C8D9CC /* Main.storyboard */,
				661593351E6910C400C8D9CC /* Assets.xcassets */,
				661593371E6910C400C8D9CC /* LaunchScreen.storyboard */,
				6615933A1E6910C400C8D9CC /* Info.plist */,
				661593291E6910C400C8D9CC /* Supporting Files */,
			);
			path = MYCusIndex;
			sourceTree = "<group>";
		};
		661593291E6910C400C8D9CC /* Supporting Files */ = {
			isa = PBXGroup;
			children = (
				6615932A1E6910C400C8D9CC /* main.m */,
			);
			name = "Supporting Files";
			sourceTree = "<group>";
		};
/* End PBXGroup section */

/* Begin PBXNativeTarget section */
		661593251E6910C400C8D9CC /* MYCusIndex */ = {
			isa = PBXNativeTarget;
			buildConfigurationList = 6615933D1E6910C400C8D9CC /* Build configuration list for PBXNativeTarget "MYCusIndex" */;
			buildPhases = (
				661593221E6910C400C8D9CC /* Sources */,
				661593231E6910C400C8D9CC /* Frameworks */,
				661593241E6910C400C8D9CC /* Resources */,
			);
			buildRules = (
			);
			dependencies = (
			);
			name = MYCusIndex;
			productName = MYCusIndex;
			productReference = 661593261E6910C400C8D9CC /* MYCusIndex.app */;
			productType = "com.apple.product-type.application";
		};
/* End PBXNativeTarget section */

/* Begin PBXProject section */
		6615931E1E6910C400C8D9CC /* Project object */ = {
			isa = PBXProject;
			attributes = {
				LastUpgradeCheck = 0820;
				ORGANIZATIONNAME = MY;
				TargetAttributes = {
					661593251E6910C400C8D9CC = {
						CreatedOnToolsVersion = 8.2.1;
						ProvisioningStyle = Automatic;
					};
				};
			};
			buildConfigurationList = 661593211E6910C400C8D9CC /* Build configuration list for PBXProject "MYCusIndex" */;
			compatibilityVersion = "Xcode 3.2";
			developmentRegion = English;
			hasScannedForEncodings = 0;
			knownRegions = (
				en,
				Base,
			);
			mainGroup = 6615931D1E6910C400C8D9CC;
			productRefGroup = 661593271E6910C400C8D9CC /* Products */;
			projectDirPath = "";
			projectRoot = "";
			targets = (
				661593251E6910C400C8D9CC /* MYCusIndex */,
			);
		};
/* End PBXProject section */

/* Begin PBXResourcesBuildPhase section */
		661593241E6910C400C8D9CC /* Resources */ = {
			isa = PBXResourcesBuildPhase;
			buildActionMask = 2147483647;
			files = (
				661593391E6910C400C8D9CC /* LaunchScreen.storyboard in Resources */,
				661593361E6910C400C8D9CC /* Assets.xcassets in Resources */,
				661593341E6910C400C8D9CC /* Main.storyboard in Resources */,
			);
			runOnlyForDeploymentPostprocessing = 0;
		};
/* End PBXResourcesBuildPhase section */

/* Begin PBXSourcesBuildPhase section */
		661593221E6910C400C8D9CC /* Sources */ = {
			isa = PBXSourcesBuildPhase;
			buildActionMask = 2147483647;
			files = (
				661593421E691A3300C8D9CC /* MYCusIndexTableView.m in Sources */,
				661593311E6910C400C8D9CC /* ViewController.m in Sources */,
				661593451E6921E100C8D9CC /* MYCusIndexView.m in Sources */,
				6615932E1E6910C400C8D9CC /* AppDelegate.m in Sources */,
				6615932B1E6910C400C8D9CC /* main.m in Sources */,
			);
			runOnlyForDeploymentPostprocessing = 0;
		};
/* End PBXSourcesBuildPhase section */

/* Begin PBXVariantGroup section */
		661593321E6910C400C8D9CC /* Main.storyboard */ = {
			isa = PBXVariantGroup;
			children = (
				661593331E6910C400C8D9CC /* Base */,
			);
			name = Main.storyboard;
			sourceTree = "<group>";
		};
		661593371E6910C400C8D9CC /* LaunchScreen.storyboard */ = {
			isa = PBXVariantGroup;
			children = (
				661593381E6910C400C8D9CC /* Base */,
			);
			name = LaunchScreen.storyboard;
			sourceTree = "<group>";
		};
/* End PBXVariantGroup section */

/* Begin XCBuildConfiguration section */
		6615933B1E6910C400C8D9CC /* Debug */ = {
			isa = XCBuildConfiguration;
			buildSettings = {
				ALWAYS_SEARCH_USER_PATHS = NO;
				CLANG_ANALYZER_NONNULL = YES;
				CLANG_CXX_LANGUAGE_STANDARD = "gnu++0x";
				CLANG_CXX_LIBRARY = "libc++";
				CLANG_ENABLE_MODULES = YES;
				CLANG_ENABLE_OBJC_ARC = YES;
				CLANG_WARN_BOOL_CONVERSION = YES;
				CLANG_WARN_CONSTANT_CONVERSION = YES;
				CLANG_WARN_DIRECT_OBJC_ISA_USAGE = YES_ERROR;
				CLANG_WARN_DOCUMENTATION_COMMENTS = YES;
				CLANG_WARN_EMPTY_BODY = YES;
				CLANG_WARN_ENUM_CONVERSION = YES;
				CLANG_WARN_INFINITE_RECURSION = YES;
				CLANG_WARN_INT_CONVERSION = YES;
				CLANG_WARN_OBJC_ROOT_CLASS = YES_ERROR;
				CLANG_WARN_SUSPICIOUS_MOVE = YES;
				CLANG_WARN_UNREACHABLE_CODE = YES;
				CLANG_WARN__DUPLICATE_METHOD_MATCH = YES;
				"CODE_SIGN_IDENTITY[sdk=iphoneos*]" = "iPhone Developer";
				COPY_PHASE_STRIP = NO;
				DEBUG_INFORMATION_FORMAT = dwarf;
				ENABLE_STRICT_OBJC_MSGSEND = YES;
				ENABLE_TESTABILITY = YES;
				GCC_C_LANGUAGE_STANDARD = gnu99;
				GCC_DYNAMIC_NO_PIC = NO;
				GCC_NO_COMMON_BLOCKS = YES;
				GCC_OPTIMIZATION_LEVEL = 0;
				GCC_PREPROCESSOR_DEFINITIONS = (
					"DEBUG=1",
					"$(inherited)",
				);
				GCC_WARN_64_TO_32_BIT_CONVERSION = YES;
				GCC_WARN_ABOUT_RETURN_TYPE = YES_ERROR;
				GCC_WARN_UNDECLARED_SELECTOR = YES;
				GCC_WARN_UNINITIALIZED_AUTOS = YES_AGGRESSIVE;
				GCC_WARN_UNUSED_FUNCTION = YES;
				GCC_WARN_UNUSED_VARIABLE = YES;
				IPHONEOS_DEPLOYMENT_TARGET = 10.2;
				MTL_ENABLE_DEBUG_INFO = YES;
				ONLY_ACTIVE_ARCH = YES;
				SDKROOT = iphoneos;
			};
			name = Debug;
		};
		6615933C1E6910C400C8D9CC /* Release */ = {
			isa = XCBuildConfiguration;
			buildSettings = {
				ALWAYS_SEARCH_USER_PATHS = NO;
				CLANG_ANALYZER_NONNULL = YES;
				CLANG_CXX_LANGUAGE_STANDARD = "gnu++0x";
				CLANG_CXX_LIBRARY = "libc++";
				CLANG_ENABLE_MODULES = YES;
				CLANG_ENABLE_OBJC_ARC = YES;
				CLANG_WARN_BOOL_CONVERSION = YES;
				CLANG_WARN_CONSTANT_CONVERSION = YES;
				CLANG_WARN_DIRECT_OBJC_ISA_USAGE = YES_ERROR;
				CLANG_WARN_DOCUMENTATION_COMMENTS = YES;
				CLANG_WARN_EMPTY_BODY = YES;
				CLANG_WARN_ENUM_CONVERSION = YES;
				CLANG_WARN_INFINITE_RECURSION = YES;
				CLANG_WARN_INT_CONVERSION = YES;
				CLANG_WARN_OBJC_ROOT_CLASS = YES_ERROR;
				CLANG_WARN_SUSPICIOUS_MOVE = YES;
				CLANG_WARN_UNREACHABLE_CODE = YES;
				CLANG_WARN__DUPLICATE_METHOD_MATCH = YES;
				"CODE_SIGN_IDENTITY[sdk=iphoneos*]" = "iPhone Developer";
				COPY_PHASE_STRIP = NO;
				DEBUG_INFORMATION_FORMAT = "dwarf-with-dsym";
				ENABLE_NS_ASSERTIONS = NO;
				ENABLE_STRICT_OBJC_MSGSEND = YES;
				GCC_C_LANGUAGE_STANDARD = gnu99;
				GCC_NO_COMMON_BLOCKS = YES;
				GCC_WARN_64_TO_32_BIT_CONVERSION = YES;
				GCC_WARN_ABOUT_RETURN_TYPE = YES_ERROR;
				GCC_WARN_UNDECLARED_SELECTOR = YES;
				GCC_WARN_UNINITIALIZED_AUTOS = YES_AGGRESSIVE;
				GCC_WARN_UNUSED_FUNCTION = YES;
				GCC_WARN_UNUSED_VARIABLE = YES;
				IPHONEOS_DEPLOYMENT_TARGET = 10.2;
				MTL_ENABLE_DEBUG_INFO = NO;
				SDKROOT = iphoneos;
				VALIDATE_PRODUCT = YES;
			};
			name = Release;
		};
		6615933E1E6910C400C8D9CC /* Debug */ = {
			isa = XCBuildConfiguration;
			buildSettings = {
				ASSETCATALOG_COMPILER_APPICON_NAME = AppIcon;
				INFOPLIST_FILE = MYCusIndex/Info.plist;
				LD_RUNPATH_SEARCH_PATHS = "$(inherited) @executable_path/Frameworks";
				PRODUCT_BUNDLE_IDENTIFIER = cn.neu.MYCusIndex;
				PRODUCT_NAME = "$(TARGET_NAME)";
			};
			name = Debug;
		};
		6615933F1E6910C400C8D9CC /* Release */ = {
			isa = XCBuildConfiguration;
			buildSettings = {
				ASSETCATALOG_COMPILER_APPICON_NAME = AppIcon;
				INFOPLIST_FILE = MYCusIndex/Info.plist;
				LD_RUNPATH_SEARCH_PATHS = "$(inherited) @executable_path/Frameworks";
				PRODUCT_BUNDLE_IDENTIFIER = cn.neu.MYCusIndex;
				PRODUCT_NAME = "$(TARGET_NAME)";
			};
			name = Release;
		};
/* End XCBuildConfiguration section */

/* Begin XCConfigurationList section */
		661593211E6910C400C8D9CC /* Build configuration list for PBXProject "MYCusIndex" */ = {
			isa = XCConfigurationList;
			buildConfigurations = (
				6615933B1E6910C400C8D9CC /* Debug */,
				6615933C1E6910C400C8D9CC /* Release */,
			);
			defaultConfigurationIsVisible = 0;
			defaultConfigurationName = Release;
		};
		6615933D1E6910C400C8D9CC /* Build configuration list for PBXNativeTarget "MYCusIndex" */ = {
			isa = XCConfigurationList;
			buildConfigurations = (
				6615933E1E6910C400C8D9CC /* Debug */,
				6615933F1E6910C400C8D9CC /* Release */,
			);
			defaultConfigurationIsVisible = 0;
		};
/* End XCConfigurationList section */
	};
	rootObject = 6615931E1E6910C400C8D9CC /* Project object */;
}
